// !$*UTF8*$!
{
	archiveVersion = 1;
	classes = {
	};
	objectVersion = 46;
	objects = {

/* Begin PBXBuildFile section */
		136418C41BC1AB74001154DE /* main.cpp in Sources */ = {isa = PBXBuildFile; fileRef = 136418C31BC1AB74001154DE /* main.cpp */; };
		136418D21BC1B0CD001154DE /* GateClasses.cpp in Sources */ = {isa = PBXBuildFile; fileRef = 136418D11BC1B0CD001154DE /* GateClasses.cpp */; settings = {ASSET_TAGS = (); }; };
		136418D91BC1C3FC001154DE /* Comp8Bits.cpp in Sources */ = {isa = PBXBuildFile; fileRef = 136418D81BC1C3FC001154DE /* Comp8Bits.cpp */; settings = {ASSET_TAGS = (); }; };
		136418DC1BC1CBDB001154DE /* PointerPremitives.cpp in Sources */ = {isa = PBXBuildFile; fileRef = 136418DB1BC1CBDB001154DE /* PointerPremitives.cpp */; settings = {ASSET_TAGS = (); }; };
		137FA5651BC42E850011D14A /* Count9.cpp in Sources */ = {isa = PBXBuildFile; fileRef = 137FA5641BC42E850011D14A /* Count9.cpp */; settings = {ASSET_TAGS = (); }; };
/* End PBXBuildFile section */

/* Begin PBXCopyFilesBuildPhase section */
		136418BE1BC1AB74001154DE /* CopyFiles */ = {
			isa = PBXCopyFilesBuildPhase;
			buildActionMask = 2147483647;
			dstPath = /usr/share/man/man1/;
			dstSubfolderSpec = 0;
			files = (
			);
			runOnlyForDeploymentPostprocessing = 1;
		};
/* End PBXCopyFilesBuildPhase section */

/* Begin PBXFileReference section */
		136418C01BC1AB74001154DE /* ECE5723-HW2 */ = {isa = PBXFileReference; explicitFileType = "compiled.mach-o.executable"; includeInIndex = 0; path = "ECE5723-HW2"; sourceTree = BUILT_PRODUCTS_DIR; };
		136418C31BC1AB74001154DE /* main.cpp */ = {isa = PBXFileReference; lastKnownFileType = sourcecode.cpp.cpp; path = main.cpp; sourceTree = "<group>"; };
		136418D01BC1B08A001154DE /* GateClasses.h */ = {isa = PBXFileReference; fileEncoding = 4; lastKnownFileType = sourcecode.c.h; path = GateClasses.h; sourceTree = "<group>"; };
		136418D11BC1B0CD001154DE /* GateClasses.cpp */ = {isa = PBXFileReference; fileEncoding = 4; lastKnownFileType = sourcecode.cpp.cpp; path = GateClasses.cpp; sourceTree = "<group>"; };
		136418D31BC1B6B1001154DE /* Comp8Bits.h */ = {isa = PBXFileReference; fileEncoding = 4; lastKnownFileType = sourcecode.c.h; path = Comp8Bits.h; sourceTree = "<group>"; };
		136418D81BC1C3FC001154DE /* Comp8Bits.cpp */ = {isa = PBXFileReference; fileEncoding = 4; lastKnownFileType = sourcecode.cpp.cpp; path = Comp8Bits.cpp; sourceTree = "<group>"; };
		136418DA1BC1CBB0001154DE /* PointerPremitives.h */ = {isa = PBXFileReference; fileEncoding = 4; lastKnownFileType = sourcecode.c.h; path = PointerPremitives.h; sourceTree = "<group>"; };
		136418DB1BC1CBDB001154DE /* PointerPremitives.cpp */ = {isa = PBXFileReference; fileEncoding = 4; lastKnownFileType = sourcecode.cpp.cpp; path = PointerPremitives.cpp; sourceTree = "<group>"; };
		137FA5631BC42C220011D14A /* Count9.h */ = {isa = PBXFileReference; fileEncoding = 4; lastKnownFileType = sourcecode.c.h; path = Count9.h; sourceTree = "<group>"; };
		137FA5641BC42E850011D14A /* Count9.cpp */ = {isa = PBXFileReference; fileEncoding = 4; lastKnownFileType = sourcecode.cpp.cpp; path = Count9.cpp; sourceTree = "<group>"; };
/* End PBXFileReference section */

/* Begin PBXFrameworksBuildPhase section */
		136418BD1BC1AB74001154DE /* Frameworks */ = {
			isa = PBXFrameworksBuildPhase;
			buildActionMask = 2147483647;
			files = (
			);
			runOnlyForDeploymentPostprocessing = 0;
		};
/* End PBXFrameworksBuildPhase section */

/* Begin PBXGroup section */
		136418B71BC1AB74001154DE = {
			isa = PBXGroup;
			children = (
				136418C21BC1AB74001154DE /* ECE5723-HW2 */,
				136418C11BC1AB74001154DE /* Products */,
			);
			sourceTree = "<group>";
		};
		136418C11BC1AB74001154DE /* Products */ = {
			isa = PBXGroup;
			children = (
				136418C01BC1AB74001154DE /* ECE5723-HW2 */,
			);
			name = Products;
			sourceTree = "<group>";
		};
		136418C21BC1AB74001154DE /* ECE5723-HW2 */ = {
			isa = PBXGroup;
			children = (
				136418D41BC1B6D0001154DE /* Headers */,
				136418C31BC1AB74001154DE /* main.cpp */,
				136418D11BC1B0CD001154DE /* GateClasses.cpp */,
				136418D81BC1C3FC001154DE /* Comp8Bits.cpp */,
				136418DB1BC1CBDB001154DE /* PointerPremitives.cpp */,
				137FA5641BC42E850011D14A /* Count9.cpp */,
			);
			path = "ECE5723-HW2";
			sourceTree = "<group>";
		};
		136418D41BC1B6D0001154DE /* Headers */ = {
			isa = PBXGroup;
			children = (
				136418D01BC1B08A001154DE /* GateClasses.h */,
				136418D31BC1B6B1001154DE /* Comp8Bits.h */,
				136418DA1BC1CBB0001154DE /* PointerPremitives.h */,
				137FA5631BC42C220011D14A /* Count9.h */,
			);
			name = Headers;
			sourceTree = "<group>";
		};
/* End PBXGroup section */

/* Begin PBXNativeTarget section */
		136418BF1BC1AB74001154DE /* ECE5723-HW2 */ = {
			isa = PBXNativeTarget;
			buildConfigurationList = 136418C71BC1AB74001154DE /* Build configuration list for PBXNativeTarget "ECE5723-HW2" */;
			buildPhases = (
				136418BC1BC1AB74001154DE /* Sources */,
				136418BD1BC1AB74001154DE /* Frameworks */,
				136418BE1BC1AB74001154DE /* CopyFiles */,
			);
			buildRules = (
			);
			dependencies = (
			);
			name = "ECE5723-HW2";
			productName = "ECE5723-HW2";
			productReference = 136418C01BC1AB74001154DE /* ECE5723-HW2 */;
			productType = "com.apple.product-type.tool";
		};
/* End PBXNativeTarget section */

/* Begin PBXProject section */
		136418B81BC1AB74001154DE /* Project object */ = {
			isa = PBXProject;
			attributes = {
				LastUpgradeCheck = 0700;
				ORGANIZATIONNAME = "Richard Walker";
				TargetAttributes = {
					136418BF1BC1AB74001154DE = {
						CreatedOnToolsVersion = 7.0.1;
					};
				};
			};
			buildConfigurationList = 136418BB1BC1AB74001154DE /* Build configuration list for PBXProject "ECE5723-HW2" */;
			compatibilityVersion = "Xcode 3.2";
			developmentRegion = English;
			hasScannedForEncodings = 0;
			knownRegions = (
				en,
			);
			mainGroup = 136418B71BC1AB74001154DE;
			productRefGroup = 136418C11BC1AB74001154DE /* Products */;
			projectDirPath = "";
			projectRoot = "";
			targets = (
				136418BF1BC1AB74001154DE /* ECE5723-HW2 */,
			);
		};
/* End PBXProject section */

/* Begin PBXSourcesBuildPhase section */
		136418BC1BC1AB74001154DE /* Sources */ = {
			isa = PBXSourcesBuildPhase;
			buildActionMask = 2147483647;
			files = (
				136418C41BC1AB74001154DE /* main.cpp in Sources */,
				136418D91BC1C3FC001154DE /* Comp8Bits.cpp in Sources */,
				137FA5651BC42E850011D14A /* Count9.cpp in Sources */,
				136418D21BC1B0CD001154DE /* GateClasses.cpp in Sources */,
				136418DC1BC1CBDB001154DE /* PointerPremitives.cpp in Sources */,
			);
			runOnlyForDeploymentPostprocessing = 0;
		};
/* End PBXSourcesBuildPhase section */

/* Begin XCBuildConfiguration section */
		136418C51BC1AB74001154DE /* Debug */ = {
			isa = XCBuildConfiguration;
			buildSettings = {
				ALWAYS_SEARCH_USER_PATHS = NO;
				CLANG_CXX_LANGUAGE_STANDARD = "gnu++0x";
				CLANG_CXX_LIBRARY = "libc++";
				CLANG_ENABLE_MODULES = YES;
				CLANG_ENABLE_OBJC_ARC = YES;
				CLANG_WARN_BOOL_CONVERSION = YES;
				CLANG_WARN_CONSTANT_CONVERSION = YES;
				CLANG_WARN_DIRECT_OBJC_ISA_USAGE = YES_ERROR;
				CLANG_WARN_EMPTY_BODY = YES;
				CLANG_WARN_ENUM_CONVERSION = YES;
				CLANG_WARN_INT_CONVERSION = YES;
				CLANG_WARN_OBJC_ROOT_CLASS = YES_ERROR;
				CLANG_WARN_UNREACHABLE_CODE = YES;
				CLANG_WARN__DUPLICATE_METHOD_MATCH = YES;
				COPY_PHASE_STRIP = NO;
				DEBUG_INFORMATION_FORMAT = dwarf;
				ENABLE_STRICT_OBJC_MSGSEND = YES;
				ENABLE_TESTABILITY = YES;
				GCC_C_LANGUAGE_STANDARD = gnu99;
				GCC_DYNAMIC_NO_PIC = NO;
				GCC_NO_COMMON_BLOCKS = YES;
				GCC_OPTIMIZATION_LEVEL = 0;
				GCC_PREPROCESSOR_DEFINITIONS = (
					"DEBUG=1",
					"$(inherited)",
				);
				GCC_WARN_64_TO_32_BIT_CONVERSION = YES;
				GCC_WARN_ABOUT_RETURN_TYPE = YES_ERROR;
				GCC_WARN_UNDECLARED_SELECTOR = YES;
				GCC_WARN_UNINITIALIZED_AUTOS = YES_AGGRESSIVE;
				GCC_WARN_UNUSED_FUNCTION = YES;
				GCC_WARN_UNUSED_VARIABLE = YES;
				MACOSX_DEPLOYMENT_TARGET = 10.11;
				MTL_ENABLE_DEBUG_INFO = YES;
				ONLY_ACTIVE_ARCH = YES;
				SDKROOT = macosx;
			};
			name = Debug;
		};
		136418C61BC1AB74001154DE /* Release */ = {
			isa = XCBuildConfiguration;
			buildSettings = {
				ALWAYS_SEARCH_USER_PATHS = NO;
				CLANG_CXX_LANGUAGE_STANDARD = "gnu++0x";
				CLANG_CXX_LIBRARY = "libc++";
				CLANG_ENABLE_MODULES = YES;
				CLANG_ENABLE_OBJC_ARC = YES;
				CLANG_WARN_BOOL_CONVERSION = YES;
				CLANG_WARN_CONSTANT_CONVERSION = YES;
				CLANG_WARN_DIRECT_OBJC_ISA_USAGE = YES_ERROR;
				CLANG_WARN_EMPTY_BODY = YES;
				CLANG_WARN_ENUM_CONVERSION = YES;
				CLANG_WARN_INT_CONVERSION = YES;
				CLANG_WARN_OBJC_ROOT_CLASS = YES_ERROR;
				CLANG_WARN_UNREACHABLE_CODE = YES;
				CLANG_WARN__DUPLICATE_METHOD_MATCH = YES;
				COPY_PHASE_STRIP = NO;
				DEBUG_INFORMATION_FORMAT = "dwarf-with-dsym";
				ENABLE_NS_ASSERTIONS = NO;
				ENABLE_STRICT_OBJC_MSGSEND = YES;
				GCC_C_LANGUAGE_STANDARD = gnu99;
				GCC_NO_COMMON_BLOCKS = YES;
				GCC_WARN_64_TO_32_BIT_CONVERSION = YES;
				GCC_WARN_ABOUT_RETURN_TYPE = YES_ERROR;
				GCC_WARN_UNDECLARED_SELECTOR = YES;
				GCC_WARN_UNINITIALIZED_AUTOS = YES_AGGRESSIVE;
				GCC_WARN_UNUSED_FUNCTION = YES;
				GCC_WARN_UNUSED_VARIABLE = YES;
				MACOSX_DEPLOYMENT_TARGET = 10.11;
				MTL_ENABLE_DEBUG_INFO = NO;
				SDKROOT = macosx;
			};
			name = Release;
		};
		136418C81BC1AB74001154DE /* Debug */ = {
			isa = XCBuildConfiguration;
			buildSettings = {
				PRODUCT_NAME = "$(TARGET_NAME)";
			};
			name = Debug;
		};
		136418C91BC1AB74001154DE /* Release */ = {
			isa = XCBuildConfiguration;
			buildSettings = {
				PRODUCT_NAME = "$(TARGET_NAME)";
			};
			name = Release;
		};
/* End XCBuildConfiguration section */

/* Begin XCConfigurationList section */
		136418BB1BC1AB74001154DE /* Build configuration list for PBXProject "ECE5723-HW2" */ = {
			isa = XCConfigurationList;
			buildConfigurations = (
				136418C51BC1AB74001154DE /* Debug */,
				136418C61BC1AB74001154DE /* Release */,
			);
			defaultConfigurationIsVisible = 0;
			defaultConfigurationName = Release;
		};
		136418C71BC1AB74001154DE /* Build configuration list for PBXNativeTarget "ECE5723-HW2" */ = {
			isa = XCConfigurationList;
			buildConfigurations = (
				136418C81BC1AB74001154DE /* Debug */,
				136418C91BC1AB74001154DE /* Release */,
			);
			defaultConfigurationIsVisible = 0;
			defaultConfigurationName = Release;
		};
/* End XCConfigurationList section */
	};
	rootObject = 136418B81BC1AB74001154DE /* Project object */;
}
